
Microsoft Visual Studio Solution File, Format Version 12.00
# Visual Studio 15
VisualStudioVersion = 15.0.27703.2047
MinimumVisualStudioVersion = 10.0.40219.1
Project("{FAE04EC0-301F-11D3-BF4B-00C04F79EFBC}") = "OnBoardingTask", "OnBoardingTask\OnBoardingTask.csproj", "{15F7E1A1-3924-4843-9219-B249EAECD348}"
EndProject
Global
	GlobalSection(SolutionConfigurationPlatforms) = preSolution
		Debug|Any CPU = Debug|Any CPU
		Release|Any CPU = Release|Any CPU
	EndGlobalSection
	GlobalSection(ProjectConfigurationPlatforms) = postSolution
		{15F7E1A1-3924-4843-9219-B249EAECD348}.Debug|Any CPU.ActiveCfg = Debug|Any CPU
		{15F7E1A1-3924-4843-9219-B249EAECD348}.Debug|Any CPU.Build.0 = Debug|Any CPU
		{15F7E1A1-3924-4843-9219-B249EAECD348}.Release|Any CPU.ActiveCfg = Release|Any CPU
		{15F7E1A1-3924-4843-9219-B249EAECD348}.Release|Any CPU.Build.0 = Release|Any CPU
	EndGlobalSection
	GlobalSection(SolutionProperties) = preSolution
		HideSolutionNode = FALSE
	EndGlobalSection
	GlobalSection(ExtensibilityGlobals) = postSolution
		SolutionGuid = {FC4B88DA-8A45-4427-991D-C590FF60323F}
	EndGlobalSection
EndGlobal
